// !$*UTF8*$!
{
	archiveVersion = 1;
	classes = {
	};
	objectVersion = 46;
	objects = {

/* Begin PBXBuildFile section */
		1810C720196FF3FC00AD3D2F /* AppDelegate.m in Sources */ = {isa = PBXBuildFile; fileRef = 1810C71C196FF3FC00AD3D2F /* AppDelegate.m */; };
		1810C721196FF3FC00AD3D2F /* ViewController.m in Sources */ = {isa = PBXBuildFile; fileRef = 1810C71F196FF3FC00AD3D2F /* ViewController.m */; };
		1810C768196FFD9800AD3D2F /* API.m in Sources */ = {isa = PBXBuildFile; fileRef = 1810C767196FFD9800AD3D2F /* API.m */; };
		1840203F19702FAC00D78467 /* Twitter.framework in Frameworks */ = {isa = PBXBuildFile; fileRef = 1840203E19702FAC00D78467 /* Twitter.framework */; };
		1840204119702FB900D78467 /* Accounts.framework in Frameworks */ = {isa = PBXBuildFile; fileRef = 1840204019702FB900D78467 /* Accounts.framework */; };
		1840204319702FC000D78467 /* Social.framework in Frameworks */ = {isa = PBXBuildFile; fileRef = 1840204219702FC000D78467 /* Social.framework */; };
		1840204919703A1400D78467 /* FHSStream.m in Sources */ = {isa = PBXBuildFile; fileRef = 1840204619703A1400D78467 /* FHSStream.m */; };
		1840204A19703A1400D78467 /* FHSTwitterEngine.m in Sources */ = {isa = PBXBuildFile; fileRef = 1840204819703A1400D78467 /* FHSTwitterEngine.m */; };
		1840204E19703FF400D78467 /* quote1.jpg in Resources */ = {isa = PBXBuildFile; fileRef = 1840204D19703FF400D78467 /* quote1.jpg */; };
		18725E16196FB47F00068271 /* Foundation.framework in Frameworks */ = {isa = PBXBuildFile; fileRef = 18725E15196FB47F00068271 /* Foundation.framework */; };
		18725E18196FB47F00068271 /* CoreGraphics.framework in Frameworks */ = {isa = PBXBuildFile; fileRef = 18725E17196FB47F00068271 /* CoreGraphics.framework */; };
		18725E1A196FB47F00068271 /* UIKit.framework in Frameworks */ = {isa = PBXBuildFile; fileRef = 18725E19196FB47F00068271 /* UIKit.framework */; };
		18725E20196FB47F00068271 /* InfoPlist.strings in Resources */ = {isa = PBXBuildFile; fileRef = 18725E1E196FB47F00068271 /* InfoPlist.strings */; };
		18725E22196FB47F00068271 /* main.m in Sources */ = {isa = PBXBuildFile; fileRef = 18725E21196FB47F00068271 /* main.m */; };
		18725E29196FB47F00068271 /* Main_iPhone.storyboard in Resources */ = {isa = PBXBuildFile; fileRef = 18725E27196FB47F00068271 /* Main_iPhone.storyboard */; };
		18725E2C196FB47F00068271 /* Main_iPad.storyboard in Resources */ = {isa = PBXBuildFile; fileRef = 18725E2A196FB47F00068271 /* Main_iPad.storyboard */; };
		18725E31196FB47F00068271 /* Images.xcassets in Resources */ = {isa = PBXBuildFile; fileRef = 18725E30196FB47F00068271 /* Images.xcassets */; };
		18725E38196FB47F00068271 /* XCTest.framework in Frameworks */ = {isa = PBXBuildFile; fileRef = 18725E37196FB47F00068271 /* XCTest.framework */; };
		18725E39196FB47F00068271 /* Foundation.framework in Frameworks */ = {isa = PBXBuildFile; fileRef = 18725E15196FB47F00068271 /* Foundation.framework */; };
		18725E3A196FB47F00068271 /* UIKit.framework in Frameworks */ = {isa = PBXBuildFile; fileRef = 18725E19196FB47F00068271 /* UIKit.framework */; };
		18725E42196FB47F00068271 /* InfoPlist.strings in Resources */ = {isa = PBXBuildFile; fileRef = 18725E40196FB47F00068271 /* InfoPlist.strings */; };
		18725E44196FB47F00068271 /* TwitterOauthTests.m in Sources */ = {isa = PBXBuildFile; fileRef = 18725E43196FB47F00068271 /* TwitterOauthTests.m */; };
/* End PBXBuildFile section */

/* Begin PBXContainerItemProxy section */
		18725E3B196FB47F00068271 /* PBXContainerItemProxy */ = {
			isa = PBXContainerItemProxy;
			containerPortal = 18725E0A196FB47F00068271 /* Project object */;
			proxyType = 1;
			remoteGlobalIDString = 18725E11196FB47F00068271;
			remoteInfo = TwitterOauth;
		};
/* End PBXContainerItemProxy section */

/* Begin PBXFileReference section */
		1810C71B196FF3FC00AD3D2F /* AppDelegate.h */ = {isa = PBXFileReference; fileEncoding = 4; lastKnownFileType = sourcecode.c.h; path = AppDelegate.h; sourceTree = "<group>"; };
		1810C71C196FF3FC00AD3D2F /* AppDelegate.m */ = {isa = PBXFileReference; fileEncoding = 4; lastKnownFileType = sourcecode.c.objc; path = AppDelegate.m; sourceTree = "<group>"; };
		1810C71E196FF3FC00AD3D2F /* ViewController.h */ = {isa = PBXFileReference; fileEncoding = 4; lastKnownFileType = sourcecode.c.h; path = ViewController.h; sourceTree = "<group>"; };
		1810C71F196FF3FC00AD3D2F /* ViewController.m */ = {isa = PBXFileReference; fileEncoding = 4; lastKnownFileType = sourcecode.c.objc; path = ViewController.m; sourceTree = "<group>"; };
		1810C766196FFD9800AD3D2F /* API.h */ = {isa = PBXFileReference; fileEncoding = 4; lastKnownFileType = sourcecode.c.h; path = API.h; sourceTree = "<group>"; };
		1810C767196FFD9800AD3D2F /* API.m */ = {isa = PBXFileReference; fileEncoding = 4; lastKnownFileType = sourcecode.c.objc; path = API.m; sourceTree = "<group>"; };
		1840203E19702FAC00D78467 /* Twitter.framework */ = {isa = PBXFileReference; lastKnownFileType = wrapper.framework; name = Twitter.framework; path = System/Library/Frameworks/Twitter.framework; sourceTree = SDKROOT; };
		1840204019702FB900D78467 /* Accounts.framework */ = {isa = PBXFileReference; lastKnownFileType = wrapper.framework; name = Accounts.framework; path = System/Library/Frameworks/Accounts.framework; sourceTree = SDKROOT; };
		1840204219702FC000D78467 /* Social.framework */ = {isa = PBXFileReference; lastKnownFileType = wrapper.framework; name = Social.framework; path = System/Library/Frameworks/Social.framework; sourceTree = SDKROOT; };
		1840204519703A1400D78467 /* FHSStream.h */ = {isa = PBXFileReference; fileEncoding = 4; lastKnownFileType = sourcecode.c.h; path = FHSStream.h; sourceTree = "<group>"; };
		1840204619703A1400D78467 /* FHSStream.m */ = {isa = PBXFileReference; fileEncoding = 4; lastKnownFileType = sourcecode.c.objc; path = FHSStream.m; sourceTree = "<group>"; };
		1840204719703A1400D78467 /* FHSTwitterEngine.h */ = {isa = PBXFileReference; fileEncoding = 4; lastKnownFileType = sourcecode.c.h; path = FHSTwitterEngine.h; sourceTree = "<group>"; };
		1840204819703A1400D78467 /* FHSTwitterEngine.m */ = {isa = PBXFileReference; fileEncoding = 4; lastKnownFileType = sourcecode.c.objc; path = FHSTwitterEngine.m; sourceTree = "<group>"; };
		1840204D19703FF400D78467 /* quote1.jpg */ = {isa = PBXFileReference; lastKnownFileType = image.jpeg; path = quote1.jpg; sourceTree = "<group>"; };
		18725E12196FB47F00068271 /* TwitterOauth.app */ = {isa = PBXFileReference; explicitFileType = wrapper.application; includeInIndex = 0; path = TwitterOauth.app; sourceTree = BUILT_PRODUCTS_DIR; };
		18725E15196FB47F00068271 /* Foundation.framework */ = {isa = PBXFileReference; lastKnownFileType = wrapper.framework; name = Foundation.framework; path = System/Library/Frameworks/Foundation.framework; sourceTree = SDKROOT; };
		18725E17196FB47F00068271 /* CoreGraphics.framework */ = {isa = PBXFileReference; lastKnownFileType = wrapper.framework; name = CoreGraphics.framework; path = System/Library/Frameworks/CoreGraphics.framework; sourceTree = SDKROOT; };
		18725E19196FB47F00068271 /* UIKit.framework */ = {isa = PBXFileReference; lastKnownFileType = wrapper.framework; name = UIKit.framework; path = System/Library/Frameworks/UIKit.framework; sourceTree = SDKROOT; };
		18725E1D196FB47F00068271 /* TwitterOauth-Info.plist */ = {isa = PBXFileReference; lastKnownFileType = text.plist.xml; path = "TwitterOauth-Info.plist"; sourceTree = "<group>"; };
		18725E1F196FB47F00068271 /* en */ = {isa = PBXFileReference; lastKnownFileType = text.plist.strings; name = en; path = en.lproj/InfoPlist.strings; sourceTree = "<group>"; };
		18725E21196FB47F00068271 /* main.m */ = {isa = PBXFileReference; lastKnownFileType = sourcecode.c.objc; path = main.m; sourceTree = "<group>"; };
		18725E23196FB47F00068271 /* TwitterOauth-Prefix.pch */ = {isa = PBXFileReference; lastKnownFileType = sourcecode.c.h; path = "TwitterOauth-Prefix.pch"; sourceTree = "<group>"; };
		18725E28196FB47F00068271 /* Base */ = {isa = PBXFileReference; lastKnownFileType = file.storyboard; name = Base; path = Base.lproj/Main_iPhone.storyboard; sourceTree = "<group>"; };
		18725E2B196FB47F00068271 /* Base */ = {isa = PBXFileReference; lastKnownFileType = file.storyboard; name = Base; path = Base.lproj/Main_iPad.storyboard; sourceTree = "<group>"; };
		18725E30196FB47F00068271 /* Images.xcassets */ = {isa = PBXFileReference; lastKnownFileType = folder.assetcatalog; path = Images.xcassets; sourceTree = "<group>"; };
		18725E36196FB47F00068271 /* TwitterOauthTests.xctest */ = {isa = PBXFileReference; explicitFileType = wrapper.cfbundle; includeInIndex = 0; path = TwitterOauthTests.xctest; sourceTree = BUILT_PRODUCTS_DIR; };
		18725E37196FB47F00068271 /* XCTest.framework */ = {isa = PBXFileReference; lastKnownFileType = wrapper.framework; name = XCTest.framework; path = Library/Frameworks/XCTest.framework; sourceTree = DEVELOPER_DIR; };
		18725E3F196FB47F00068271 /* TwitterOauthTests-Info.plist */ = {isa = PBXFileReference; lastKnownFileType = text.plist.xml; path = "TwitterOauthTests-Info.plist"; sourceTree = "<group>"; };
		18725E41196FB47F00068271 /* en */ = {isa = PBXFileReference; lastKnownFileType = text.plist.strings; name = en; path = en.lproj/InfoPlist.strings; sourceTree = "<group>"; };
		18725E43196FB47F00068271 /* TwitterOauthTests.m */ = {isa = PBXFileReference; lastKnownFileType = sourcecode.c.objc; path = TwitterOauthTests.m; sourceTree = "<group>"; };
/* End PBXFileReference section */

/* Begin PBXFrameworksBuildPhase section */
		18725E0F196FB47F00068271 /* Frameworks */ = {
			isa = PBXFrameworksBuildPhase;
			buildActionMask = 2147483647;
			files = (
				1840204319702FC000D78467 /* Social.framework in Frameworks */,
				1840204119702FB900D78467 /* Accounts.framework in Frameworks */,
				1840203F19702FAC00D78467 /* Twitter.framework in Frameworks */,
				18725E18196FB47F00068271 /* CoreGraphics.framework in Frameworks */,
				18725E1A196FB47F00068271 /* UIKit.framework in Frameworks */,
				18725E16196FB47F00068271 /* Foundation.framework in Frameworks */,
			);
			runOnlyForDeploymentPostprocessing = 0;
		};
		18725E33196FB47F00068271 /* Frameworks */ = {
			isa = PBXFrameworksBuildPhase;
			buildActionMask = 2147483647;
			files = (
				18725E38196FB47F00068271 /* XCTest.framework in Frameworks */,
				18725E3A196FB47F00068271 /* UIKit.framework in Frameworks */,
				18725E39196FB47F00068271 /* Foundation.framework in Frameworks */,
			);
			runOnlyForDeploymentPostprocessing = 0;
		};
/* End PBXFrameworksBuildPhase section */

/* Begin PBXGroup section */
		1810C71A196FF3FC00AD3D2F /* AppDelegate */ = {
			isa = PBXGroup;
			children = (
				1810C71B196FF3FC00AD3D2F /* AppDelegate.h */,
				1810C71C196FF3FC00AD3D2F /* AppDelegate.m */,
			);
			path = AppDelegate;
			sourceTree = "<group>";
		};
		1810C71D196FF3FC00AD3D2F /* VC */ = {
			isa = PBXGroup;
			children = (
				1810C71E196FF3FC00AD3D2F /* ViewController.h */,
				1810C71F196FF3FC00AD3D2F /* ViewController.m */,
			);
			path = VC;
			sourceTree = "<group>";
		};
		1810C722196FF5E900AD3D2F /* libs */ = {
			isa = PBXGroup;
			children = (
				1840204419703A1400D78467 /* FHSTwitterEngine */,
			);
			path = libs;
			sourceTree = "<group>";
		};
		1810C765196FFD7700AD3D2F /* Manager */ = {
			isa = PBXGroup;
			children = (
				1810C766196FFD9800AD3D2F /* API.h */,
				1810C767196FFD9800AD3D2F /* API.m */,
			);
			path = Manager;
			sourceTree = "<group>";
		};
		1840204419703A1400D78467 /* FHSTwitterEngine */ = {
			isa = PBXGroup;
			children = (
				1840204519703A1400D78467 /* FHSStream.h */,
				1840204619703A1400D78467 /* FHSStream.m */,
				1840204719703A1400D78467 /* FHSTwitterEngine.h */,
				1840204819703A1400D78467 /* FHSTwitterEngine.m */,
			);
			path = FHSTwitterEngine;
			sourceTree = "<group>";
		};
		18725E09196FB47F00068271 = {
			isa = PBXGroup;
			children = (
				18725E1B196FB47F00068271 /* TwitterOauth */,
				18725E3D196FB47F00068271 /* TwitterOauthTests */,
				18725E14196FB47F00068271 /* Frameworks */,
				18725E13196FB47F00068271 /* Products */,
			);
			sourceTree = "<group>";
		};
		18725E13196FB47F00068271 /* Products */ = {
			isa = PBXGroup;
			children = (
				18725E12196FB47F00068271 /* TwitterOauth.app */,
				18725E36196FB47F00068271 /* TwitterOauthTests.xctest */,
			);
			name = Products;
			sourceTree = "<group>";
		};
		18725E14196FB47F00068271 /* Frameworks */ = {
			isa = PBXGroup;
			children = (
				1840204219702FC000D78467 /* Social.framework */,
				1840204019702FB900D78467 /* Accounts.framework */,
				1840203E19702FAC00D78467 /* Twitter.framework */,
				18725E15196FB47F00068271 /* Foundation.framework */,
				18725E17196FB47F00068271 /* CoreGraphics.framework */,
				18725E19196FB47F00068271 /* UIKit.framework */,
				18725E37196FB47F00068271 /* XCTest.framework */,
			);
			name = Frameworks;
			sourceTree = "<group>";
		};
		18725E1B196FB47F00068271 /* TwitterOauth */ = {
			isa = PBXGroup;
			children = (
				1840204D19703FF400D78467 /* quote1.jpg */,
				1810C722196FF5E900AD3D2F /* libs */,
				1810C765196FFD7700AD3D2F /* Manager */,
				1810C71A196FF3FC00AD3D2F /* AppDelegate */,
				1810C71D196FF3FC00AD3D2F /* VC */,
				18725E27196FB47F00068271 /* Main_iPhone.storyboard */,
				18725E2A196FB47F00068271 /* Main_iPad.storyboard */,
				18725E30196FB47F00068271 /* Images.xcassets */,
				18725E1C196FB47F00068271 /* Supporting Files */,
			);
			path = TwitterOauth;
			sourceTree = "<group>";
		};
		18725E1C196FB47F00068271 /* Supporting Files */ = {
			isa = PBXGroup;
			children = (
				18725E1D196FB47F00068271 /* TwitterOauth-Info.plist */,
				18725E1E196FB47F00068271 /* InfoPlist.strings */,
				18725E21196FB47F00068271 /* main.m */,
				18725E23196FB47F00068271 /* TwitterOauth-Prefix.pch */,
			);
			name = "Supporting Files";
			sourceTree = "<group>";
		};
		18725E3D196FB47F00068271 /* TwitterOauthTests */ = {
			isa = PBXGroup;
			children = (
				18725E43196FB47F00068271 /* TwitterOauthTests.m */,
				18725E3E196FB47F00068271 /* Supporting Files */,
			);
			path = TwitterOauthTests;
			sourceTree = "<group>";
		};
		18725E3E196FB47F00068271 /* Supporting Files */ = {
			isa = PBXGroup;
			children = (
				18725E3F196FB47F00068271 /* TwitterOauthTests-Info.plist */,
				18725E40196FB47F00068271 /* InfoPlist.strings */,
			);
			name = "Supporting Files";
			sourceTree = "<group>";
		};
/* End PBXGroup section */

/* Begin PBXNativeTarget section */
		18725E11196FB47F00068271 /* TwitterOauth */ = {
			isa = PBXNativeTarget;
			buildConfigurationList = 18725E47196FB47F00068271 /* Build configuration list for PBXNativeTarget "TwitterOauth" */;
			buildPhases = (
				18725E0E196FB47F00068271 /* Sources */,
				18725E0F196FB47F00068271 /* Frameworks */,
				18725E10196FB47F00068271 /* Resources */,
			);
			buildRules = (
			);
			dependencies = (
			);
			name = TwitterOauth;
			productName = TwitterOauth;
			productReference = 18725E12196FB47F00068271 /* TwitterOauth.app */;
			productType = "com.apple.product-type.application";
		};
		18725E35196FB47F00068271 /* TwitterOauthTests */ = {
			isa = PBXNativeTarget;
			buildConfigurationList = 18725E4A196FB47F00068271 /* Build configuration list for PBXNativeTarget "TwitterOauthTests" */;
			buildPhases = (
				18725E32196FB47F00068271 /* Sources */,
				18725E33196FB47F00068271 /* Frameworks */,
				18725E34196FB47F00068271 /* Resources */,
			);
			buildRules = (
			);
			dependencies = (
				18725E3C196FB47F00068271 /* PBXTargetDependency */,
			);
			name = TwitterOauthTests;
			productName = TwitterOauthTests;
			productReference = 18725E36196FB47F00068271 /* TwitterOauthTests.xctest */;
			productType = "com.apple.product-type.bundle.unit-test";
		};
/* End PBXNativeTarget section */

/* Begin PBXProject section */
		18725E0A196FB47F00068271 /* Project object */ = {
			isa = PBXProject;
			attributes = {
				LastUpgradeCheck = 0510;
				ORGANIZATIONNAME = myself;
				TargetAttributes = {
					18725E35196FB47F00068271 = {
						TestTargetID = 18725E11196FB47F00068271;
					};
				};
			};
			buildConfigurationList = 18725E0D196FB47F00068271 /* Build configuration list for PBXProject "TwitterOauth" */;
			compatibilityVersion = "Xcode 3.2";
			developmentRegion = English;
			hasScannedForEncodings = 0;
			knownRegions = (
				en,
				Base,
			);
			mainGroup = 18725E09196FB47F00068271;
			productRefGroup = 18725E13196FB47F00068271 /* Products */;
			projectDirPath = "";
			projectRoot = "";
			targets = (
				18725E11196FB47F00068271 /* TwitterOauth */,
				18725E35196FB47F00068271 /* TwitterOauthTests */,
			);
		};
/* End PBXProject section */

/* Begin PBXResourcesBuildPhase section */
		18725E10196FB47F00068271 /* Resources */ = {
			isa = PBXResourcesBuildPhase;
			buildActionMask = 2147483647;
			files = (
				18725E2C196FB47F00068271 /* Main_iPad.storyboard in Resources */,
				18725E31196FB47F00068271 /* Images.xcassets in Resources */,
				1840204E19703FF400D78467 /* quote1.jpg in Resources */,
				18725E29196FB47F00068271 /* Main_iPhone.storyboard in Resources */,
				18725E20196FB47F00068271 /* InfoPlist.strings in Resources */,
			);
			runOnlyForDeploymentPostprocessing = 0;
		};
		18725E34196FB47F00068271 /* Resources */ = {
			isa = PBXResourcesBuildPhase;
			buildActionMask = 2147483647;
			files = (
				18725E42196FB47F00068271 /* InfoPlist.strings in Resources */,
			);
			runOnlyForDeploymentPostprocessing = 0;
		};
/* End PBXResourcesBuildPhase section */

/* Begin PBXSourcesBuildPhase section */
		18725E0E196FB47F00068271 /* Sources */ = {
			isa = PBXSourcesBuildPhase;
			buildActionMask = 2147483647;
			files = (
				1810C720196FF3FC00AD3D2F /* AppDelegate.m in Sources */,
				1840204919703A1400D78467 /* FHSStream.m in Sources */,
				1840204A19703A1400D78467 /* FHSTwitterEngine.m in Sources */,
				1810C768196FFD9800AD3D2F /* API.m in Sources */,
				18725E22196FB47F00068271 /* main.m in Sources */,
				1810C721196FF3FC00AD3D2F /* ViewController.m in Sources */,
			);
			runOnlyForDeploymentPostprocessing = 0;
		};
		18725E32196FB47F00068271 /* Sources */ = {
			isa = PBXSourcesBuildPhase;
			buildActionMask = 2147483647;
			files = (
				18725E44196FB47F00068271 /* TwitterOauthTests.m in Sources */,
			);
			runOnlyForDeploymentPostprocessing = 0;
		};
/* End PBXSourcesBuildPhase section */

/* Begin PBXTargetDependency section */
		18725E3C196FB47F00068271 /* PBXTargetDependency */ = {
			isa = PBXTargetDependency;
			target = 18725E11196FB47F00068271 /* TwitterOauth */;
			targetProxy = 18725E3B196FB47F00068271 /* PBXContainerItemProxy */;
		};
/* End PBXTargetDependency section */

/* Begin PBXVariantGroup section */
		18725E1E196FB47F00068271 /* InfoPlist.strings */ = {
			isa = PBXVariantGroup;
			children = (
				18725E1F196FB47F00068271 /* en */,
			);
			name = InfoPlist.strings;
			sourceTree = "<group>";
		};
		18725E27196FB47F00068271 /* Main_iPhone.storyboard */ = {
			isa = PBXVariantGroup;
			children = (
				18725E28196FB47F00068271 /* Base */,
			);
			name = Main_iPhone.storyboard;
			sourceTree = "<group>";
		};
		18725E2A196FB47F00068271 /* Main_iPad.storyboard */ = {
			isa = PBXVariantGroup;
			children = (
				18725E2B196FB47F00068271 /* Base */,
			);
			name = Main_iPad.storyboard;
			sourceTree = "<group>";
		};
		18725E40196FB47F00068271 /* InfoPlist.strings */ = {
			isa = PBXVariantGroup;
			children = (
				18725E41196FB47F00068271 /* en */,
			);
			name = InfoPlist.strings;
			sourceTree = "<group>";
		};
/* End PBXVariantGroup section */

/* Begin XCBuildConfiguration section */
		18725E45196FB47F00068271 /* Debug */ = {
			isa = XCBuildConfiguration;
			buildSettings = {
				ALWAYS_SEARCH_USER_PATHS = NO;
				CLANG_CXX_LANGUAGE_STANDARD = "gnu++0x";
				CLANG_CXX_LIBRARY = "libc++";
				CLANG_ENABLE_MODULES = YES;
				CLANG_ENABLE_OBJC_ARC = YES;
				CLANG_WARN_BOOL_CONVERSION = YES;
				CLANG_WARN_CONSTANT_CONVERSION = YES;
				CLANG_WARN_DIRECT_OBJC_ISA_USAGE = YES_ERROR;
				CLANG_WARN_EMPTY_BODY = YES;
				CLANG_WARN_ENUM_CONVERSION = YES;
				CLANG_WARN_INT_CONVERSION = YES;
				CLANG_WARN_OBJC_ROOT_CLASS = YES_ERROR;
				CLANG_WARN__DUPLICATE_METHOD_MATCH = YES;
				"CODE_SIGN_IDENTITY[sdk=iphoneos*]" = "iPhone Developer";
				COPY_PHASE_STRIP = NO;
				GCC_C_LANGUAGE_STANDARD = gnu99;
				GCC_DYNAMIC_NO_PIC = NO;
				GCC_OPTIMIZATION_LEVEL = 0;
				GCC_PREPROCESSOR_DEFINITIONS = (
					"DEBUG=1",
					"$(inherited)",
				);
				GCC_SYMBOLS_PRIVATE_EXTERN = NO;
				GCC_WARN_64_TO_32_BIT_CONVERSION = YES;
				GCC_WARN_ABOUT_RETURN_TYPE = YES_ERROR;
				GCC_WARN_UNDECLARED_SELECTOR = YES;
				GCC_WARN_UNINITIALIZED_AUTOS = YES_AGGRESSIVE;
				GCC_WARN_UNUSED_FUNCTION = YES;
				GCC_WARN_UNUSED_VARIABLE = YES;
				IPHONEOS_DEPLOYMENT_TARGET = 7.1;
				ONLY_ACTIVE_ARCH = YES;
				SDKROOT = iphoneos;
				TARGETED_DEVICE_FAMILY = "1,2";
			};
			name = Debug;
		};
		18725E46196FB47F00068271 /* Release */ = {
			isa = XCBuildConfiguration;
			buildSettings = {
				ALWAYS_SEARCH_USER_PATHS = NO;
				CLANG_CXX_LANGUAGE_STANDARD = "gnu++0x";
				CLANG_CXX_LIBRARY = "libc++";
				CLANG_ENABLE_MODULES = YES;
				CLANG_ENABLE_OBJC_ARC = YES;
				CLANG_WARN_BOOL_CONVERSION = YES;
				CLANG_WARN_CONSTANT_CONVERSION = YES;
				CLANG_WARN_DIRECT_OBJC_ISA_USAGE = YES_ERROR;
				CLANG_WARN_EMPTY_BODY = YES;
				CLANG_WARN_ENUM_CONVERSION = YES;
				CLANG_WARN_INT_CONVERSION = YES;
				CLANG_WARN_OBJC_ROOT_CLASS = YES_ERROR;
				CLANG_WARN__DUPLICATE_METHOD_MATCH = YES;
				"CODE_SIGN_IDENTITY[sdk=iphoneos*]" = "iPhone Developer";
				COPY_PHASE_STRIP = YES;
				ENABLE_NS_ASSERTIONS = NO;
				GCC_C_LANGUAGE_STANDARD = gnu99;
				GCC_WARN_64_TO_32_BIT_CONVERSION = YES;
				GCC_WARN_ABOUT_RETURN_TYPE = YES_ERROR;
				GCC_WARN_UNDECLARED_SELECTOR = YES;
				GCC_WARN_UNINITIALIZED_AUTOS = YES_AGGRESSIVE;
				GCC_WARN_UNUSED_FUNCTION = YES;
				GCC_WARN_UNUSED_VARIABLE = YES;
				IPHONEOS_DEPLOYMENT_TARGET = 7.1;
				SDKROOT = iphoneos;
				TARGETED_DEVICE_FAMILY = "1,2";
				VALIDATE_PRODUCT = YES;
			};
			name = Release;
		};
		18725E48196FB47F00068271 /* Debug */ = {
			isa = XCBuildConfiguration;
			buildSettings = {
				ASSETCATALOG_COMPILER_APPICON_NAME = AppIcon;
				ASSETCATALOG_COMPILER_LAUNCHIMAGE_NAME = LaunchImage;
				GCC_PRECOMPILE_PREFIX_HEADER = YES;
				GCC_PREFIX_HEADER = "TwitterOauth/TwitterOauth-Prefix.pch";
				INFOPLIST_FILE = "TwitterOauth/TwitterOauth-Info.plist";
				PRODUCT_NAME = "$(TARGET_NAME)";
				WRAPPER_EXTENSION = app;
			};
			name = Debug;
		};
		18725E49196FB47F00068271 /* Release */ = {
			isa = XCBuildConfiguration;
			buildSettings = {
				ASSETCATALOG_COMPILER_APPICON_NAME = AppIcon;
				ASSETCATALOG_COMPILER_LAUNCHIMAGE_NAME = LaunchImage;
				GCC_PRECOMPILE_PREFIX_HEADER = YES;
				GCC_PREFIX_HEADER = "TwitterOauth/TwitterOauth-Prefix.pch";
				INFOPLIST_FILE = "TwitterOauth/TwitterOauth-Info.plist";
				PRODUCT_NAME = "$(TARGET_NAME)";
				WRAPPER_EXTENSION = app;
			};
			name = Release;
		};
		18725E4B196FB47F00068271 /* Debug */ = {
			isa = XCBuildConfiguration;
			buildSettings = {
				BUNDLE_LOADER = "$(BUILT_PRODUCTS_DIR)/TwitterOauth.app/TwitterOauth";
				FRAMEWORK_SEARCH_PATHS = (
					"$(SDKROOT)/Developer/Library/Frameworks",
					"$(inherited)",
					"$(DEVELOPER_FRAMEWORKS_DIR)",
				);
				GCC_PRECOMPILE_PREFIX_HEADER = YES;
				GCC_PREFIX_HEADER = "TwitterOauth/TwitterOauth-Prefix.pch";
				GCC_PREPROCESSOR_DEFINITIONS = (
					"DEBUG=1",
					"$(inherited)",
				);
				INFOPLIST_FILE = "TwitterOauthTests/TwitterOauthTests-Info.plist";
				PRODUCT_NAME = "$(TARGET_NAME)";
				TEST_HOST = "$(BUNDLE_LOADER)";
				WRAPPER_EXTENSION = xctest;
			};
			name = Debug;
		};
		18725E4C196FB47F00068271 /* Release */ = {
			isa = XCBuildConfiguration;
			buildSettings = {
				BUNDLE_LOADER = "$(BUILT_PRODUCTS_DIR)/TwitterOauth.app/TwitterOauth";
				FRAMEWORK_SEARCH_PATHS = (
					"$(SDKROOT)/Developer/Library/Frameworks",
					"$(inherited)",
					"$(DEVELOPER_FRAMEWORKS_DIR)",
				);
				GCC_PRECOMPILE_PREFIX_HEADER = YES;
				GCC_PREFIX_HEADER = "TwitterOauth/TwitterOauth-Prefix.pch";
				INFOPLIST_FILE = "TwitterOauthTests/TwitterOauthTests-Info.plist";
				PRODUCT_NAME = "$(TARGET_NAME)";
				TEST_HOST = "$(BUNDLE_LOADER)";
				WRAPPER_EXTENSION = xctest;
			};
			name = Release;
		};
/* End XCBuildConfiguration section */

/* Begin XCConfigurationList section */
		18725E0D196FB47F00068271 /* Build configuration list for PBXProject "TwitterOauth" */ = {
			isa = XCConfigurationList;
			buildConfigurations = (
				18725E45196FB47F00068271 /* Debug */,
				18725E46196FB47F00068271 /* Release */,
			);
			defaultConfigurationIsVisible = 0;
			defaultConfigurationName = Release;
		};
		18725E47196FB47F00068271 /* Build configuration list for PBXNativeTarget "TwitterOauth" */ = {
			isa = XCConfigurationList;
			buildConfigurations = (
				18725E48196FB47F00068271 /* Debug */,
				18725E49196FB47F00068271 /* Release */,
			);
			defaultConfigurationIsVisible = 0;
			defaultConfigurationName = Release;
		};
		18725E4A196FB47F00068271 /* Build configuration list for PBXNativeTarget "TwitterOauthTests" */ = {
			isa = XCConfigurationList;
			buildConfigurations = (
				18725E4B196FB47F00068271 /* Debug */,
				18725E4C196FB47F00068271 /* Release */,
			);
			defaultConfigurationIsVisible = 0;
			defaultConfigurationName = Release;
		};
/* End XCConfigurationList section */
	};
	rootObject = 18725E0A196FB47F00068271 /* Project object */;
}
